
Microsoft Visual Studio Solution File, Format Version 12.00
Project("{FAE04EC0-301F-11D3-BF4B-00C04F79EFBC}") = "Locators", "Locators\Locators.csproj", "{563AA6D8-F29F-401C-ACCF-7C78D86E431D}"
EndProject
Global
	GlobalSection(SolutionConfigurationPlatforms) = preSolution
		Debug|Any CPU = Debug|Any CPU
		Release|Any CPU = Release|Any CPU
	EndGlobalSection
	GlobalSection(ProjectConfigurationPlatforms) = postSolution
		{563AA6D8-F29F-401C-ACCF-7C78D86E431D}.Debug|Any CPU.ActiveCfg = Debug|Any CPU
		{563AA6D8-F29F-401C-ACCF-7C78D86E431D}.Debug|Any CPU.Build.0 = Debug|Any CPU
		{563AA6D8-F29F-401C-ACCF-7C78D86E431D}.Release|Any CPU.ActiveCfg = Release|Any CPU
		{563AA6D8-F29F-401C-ACCF-7C78D86E431D}.Release|Any CPU.Build.0 = Release|Any CPU
	EndGlobalSection
EndGlobal
